
Microsoft Visual Studio Solution File, Format Version 12.00
# Visual Studio 15
Project("{FAE04EC0-301F-11D3-BF4B-00C04F79EFBC}") = "Assembly-CSharp", "Assembly-CSharp.csproj", "{317BA8CC-8764-E77B-A714-32431665D2D2}"
EndProject
Project("{FAE04EC0-301F-11D3-BF4B-00C04F79EFBC}") = "Assembly-CSharp-Editor", "Assembly-CSharp-Editor.csproj", "{4645CCA8-D115-7F8F-E2CF-1E303A95E3FC}"
EndProject
Global
	GlobalSection(SolutionConfigurationPlatforms) = preSolution
		Debug|Any CPU = Debug|Any CPU
		Release|Any CPU = Release|Any CPU
	EndGlobalSection
	GlobalSection(ProjectConfigurationPlatforms) = postSolution
		{317BA8CC-8764-E77B-A714-32431665D2D2}.Debug|Any CPU.ActiveCfg = Debug|Any CPU
		{317BA8CC-8764-E77B-A714-32431665D2D2}.Debug|Any CPU.Build.0 = Debug|Any CPU
		{317BA8CC-8764-E77B-A714-32431665D2D2}.Release|Any CPU.ActiveCfg = Release|Any CPU
		{317BA8CC-8764-E77B-A714-32431665D2D2}.Release|Any CPU.Build.0 = Release|Any CPU
		{4645CCA8-D115-7F8F-E2CF-1E303A95E3FC}.Debug|Any CPU.ActiveCfg = Debug|Any CPU
		{4645CCA8-D115-7F8F-E2CF-1E303A95E3FC}.Debug|Any CPU.Build.0 = Debug|Any CPU
		{4645CCA8-D115-7F8F-E2CF-1E303A95E3FC}.Release|Any CPU.ActiveCfg = Release|Any CPU
		{4645CCA8-D115-7F8F-E2CF-1E303A95E3FC}.Release|Any CPU.Build.0 = Release|Any CPU
	EndGlobalSection
	GlobalSection(SolutionProperties) = preSolution
		HideSolutionNode = FALSE
	EndGlobalSection
EndGlobal
