
Microsoft Visual Studio Solution File, Format Version 12.00
# Visual Studio 15
Project("{FAE04EC0-301F-11D3-BF4B-00C04F79EFBC}") = "Assembly-CSharp", "Assembly-CSharp.csproj", "{317BA8CC-8764-E77B-A714-32431665D2D2}"
EndProject
Project("{FAE04EC0-301F-11D3-BF4B-00C04F79EFBC}") = "FMODUnityResonance", "FMODUnityResonance.csproj", "{AA53C4C7-B92C-8D03-C8C0-84AB44880979}"
EndProject
Project("{FAE04EC0-301F-11D3-BF4B-00C04F79EFBC}") = "FMODUnity", "FMODUnity.csproj", "{ABE2FF18-F7AA-D99C-1840-FE756A589A81}"
EndProject
Project("{FAE04EC0-301F-11D3-BF4B-00C04F79EFBC}") = "FMODUnityEditor", "FMODUnityEditor.csproj", "{62677FA5-A59C-8BF5-5B5D-CEF64E469A00}"
EndProject
Project("{FAE04EC0-301F-11D3-BF4B-00C04F79EFBC}") = "Assembly-CSharp-Editor", "Assembly-CSharp-Editor.csproj", "{4645CCA8-D115-7F8F-E2CF-1E303A95E3FC}"
EndProject
Project("{FAE04EC0-301F-11D3-BF4B-00C04F79EFBC}") = "FMODUnityResonanceEditor", "FMODUnityResonanceEditor.csproj", "{275D4DF2-83AC-7AF5-F953-9AF6785B8A66}"
EndProject
Global
	GlobalSection(SolutionConfigurationPlatforms) = preSolution
		Debug|Any CPU = Debug|Any CPU
		Release|Any CPU = Release|Any CPU
	EndGlobalSection
	GlobalSection(ProjectConfigurationPlatforms) = postSolution
		{317BA8CC-8764-E77B-A714-32431665D2D2}.Debug|Any CPU.ActiveCfg = Debug|Any CPU
		{317BA8CC-8764-E77B-A714-32431665D2D2}.Debug|Any CPU.Build.0 = Debug|Any CPU
		{317BA8CC-8764-E77B-A714-32431665D2D2}.Release|Any CPU.ActiveCfg = Release|Any CPU
		{317BA8CC-8764-E77B-A714-32431665D2D2}.Release|Any CPU.Build.0 = Release|Any CPU
		{AA53C4C7-B92C-8D03-C8C0-84AB44880979}.Debug|Any CPU.ActiveCfg = Debug|Any CPU
		{AA53C4C7-B92C-8D03-C8C0-84AB44880979}.Debug|Any CPU.Build.0 = Debug|Any CPU
		{AA53C4C7-B92C-8D03-C8C0-84AB44880979}.Release|Any CPU.ActiveCfg = Release|Any CPU
		{AA53C4C7-B92C-8D03-C8C0-84AB44880979}.Release|Any CPU.Build.0 = Release|Any CPU
		{ABE2FF18-F7AA-D99C-1840-FE756A589A81}.Debug|Any CPU.ActiveCfg = Debug|Any CPU
		{ABE2FF18-F7AA-D99C-1840-FE756A589A81}.Debug|Any CPU.Build.0 = Debug|Any CPU
		{ABE2FF18-F7AA-D99C-1840-FE756A589A81}.Release|Any CPU.ActiveCfg = Release|Any CPU
		{ABE2FF18-F7AA-D99C-1840-FE756A589A81}.Release|Any CPU.Build.0 = Release|Any CPU
		{62677FA5-A59C-8BF5-5B5D-CEF64E469A00}.Debug|Any CPU.ActiveCfg = Debug|Any CPU
		{62677FA5-A59C-8BF5-5B5D-CEF64E469A00}.Debug|Any CPU.Build.0 = Debug|Any CPU
		{62677FA5-A59C-8BF5-5B5D-CEF64E469A00}.Release|Any CPU.ActiveCfg = Release|Any CPU
		{62677FA5-A59C-8BF5-5B5D-CEF64E469A00}.Release|Any CPU.Build.0 = Release|Any CPU
		{4645CCA8-D115-7F8F-E2CF-1E303A95E3FC}.Debug|Any CPU.ActiveCfg = Debug|Any CPU
		{4645CCA8-D115-7F8F-E2CF-1E303A95E3FC}.Debug|Any CPU.Build.0 = Debug|Any CPU
		{4645CCA8-D115-7F8F-E2CF-1E303A95E3FC}.Release|Any CPU.ActiveCfg = Release|Any CPU
		{4645CCA8-D115-7F8F-E2CF-1E303A95E3FC}.Release|Any CPU.Build.0 = Release|Any CPU
		{275D4DF2-83AC-7AF5-F953-9AF6785B8A66}.Debug|Any CPU.ActiveCfg = Debug|Any CPU
		{275D4DF2-83AC-7AF5-F953-9AF6785B8A66}.Debug|Any CPU.Build.0 = Debug|Any CPU
		{275D4DF2-83AC-7AF5-F953-9AF6785B8A66}.Release|Any CPU.ActiveCfg = Release|Any CPU
		{275D4DF2-83AC-7AF5-F953-9AF6785B8A66}.Release|Any CPU.Build.0 = Release|Any CPU
	EndGlobalSection
	GlobalSection(SolutionProperties) = preSolution
		HideSolutionNode = FALSE
	EndGlobalSection
EndGlobal
